
Microsoft Visual Studio Solution File, Format Version 12.00
# Visual Studio Version 17
VisualStudioVersion = 17.0.32112.339
MinimumVisualStudioVersion = 10.0.40219.1
Project("{9A19103F-16F7-4668-BE54-9A1E7A4F7556}") = "Rcwowbagger.BlazorBook.Models", "Rcwowbagger.BlazorBook.Models\Rcwowbagger.BlazorBook.Models.csproj", "{99BA46C0-45FC-40A5-A8A0-0DF37E42028D}"
EndProject
Project("{9A19103F-16F7-4668-BE54-9A1E7A4F7556}") = "Rcwowbagger.BlazorBook", "Rcwowbagger.BlazorBook\Rcwowbagger.BlazorBook.csproj", "{A33A80ED-E3A6-4C0D-AD4A-28171120F5DE}"
EndProject
Project("{2150E333-8FDC-42A3-9474-1A3956D46DE8}") = "Solution Items", "Solution Items", "{B73CD24F-C912-4511-8D44-F3BF831529A9}"
	ProjectSection(SolutionItems) = preProject
		README.md = README.md
	EndProjectSection
EndProject
Global
	GlobalSection(SolutionConfigurationPlatforms) = preSolution
		Debug|Any CPU = Debug|Any CPU
		Release|Any CPU = Release|Any CPU
	EndGlobalSection
	GlobalSection(ProjectConfigurationPlatforms) = postSolution
		{99BA46C0-45FC-40A5-A8A0-0DF37E42028D}.Debug|Any CPU.ActiveCfg = Debug|Any CPU
		{99BA46C0-45FC-40A5-A8A0-0DF37E42028D}.Debug|Any CPU.Build.0 = Debug|Any CPU
		{99BA46C0-45FC-40A5-A8A0-0DF37E42028D}.Release|Any CPU.ActiveCfg = Release|Any CPU
		{99BA46C0-45FC-40A5-A8A0-0DF37E42028D}.Release|Any CPU.Build.0 = Release|Any CPU
		{A33A80ED-E3A6-4C0D-AD4A-28171120F5DE}.Debug|Any CPU.ActiveCfg = Debug|Any CPU
		{A33A80ED-E3A6-4C0D-AD4A-28171120F5DE}.Debug|Any CPU.Build.0 = Debug|Any CPU
		{A33A80ED-E3A6-4C0D-AD4A-28171120F5DE}.Release|Any CPU.ActiveCfg = Release|Any CPU
		{A33A80ED-E3A6-4C0D-AD4A-28171120F5DE}.Release|Any CPU.Build.0 = Release|Any CPU
	EndGlobalSection
	GlobalSection(SolutionProperties) = preSolution
		HideSolutionNode = FALSE
	EndGlobalSection
	GlobalSection(ExtensibilityGlobals) = postSolution
		SolutionGuid = {6FA708DD-0B68-428A-9C21-D6316C7AE531}
	EndGlobalSection
EndGlobal
